
Microsoft Visual Studio Solution File, Format Version 12.00
# Visual Studio Version 17
VisualStudioVersion = 17.6.33815.320
MinimumVisualStudioVersion = 10.0.40219.1
Project("{9A19103F-16F7-4668-BE54-9A1E7A4F7556}") = "serverDemo", "serverDemo\serverDemo.csproj", "{C6EC7B93-0361-48AE-8253-9C2FC829F7AA}"
EndProject
Project("{2150E333-8FDC-42A3-9474-1A3956D46DE8}") = "方案項目", "方案項目", "{3D3E57F6-14E4-401D-9381-43547230A510}"
EndProject
Global
	GlobalSection(SolutionConfigurationPlatforms) = preSolution
		Debug|Any CPU = Debug|Any CPU
		Release|Any CPU = Release|Any CPU
	EndGlobalSection
	GlobalSection(ProjectConfigurationPlatforms) = postSolution
		{C6EC7B93-0361-48AE-8253-9C2FC829F7AA}.Debug|Any CPU.ActiveCfg = Debug|Any CPU
		{C6EC7B93-0361-48AE-8253-9C2FC829F7AA}.Debug|Any CPU.Build.0 = Debug|Any CPU
		{C6EC7B93-0361-48AE-8253-9C2FC829F7AA}.Release|Any CPU.ActiveCfg = Release|Any CPU
		{C6EC7B93-0361-48AE-8253-9C2FC829F7AA}.Release|Any CPU.Build.0 = Release|Any CPU
	EndGlobalSection
	GlobalSection(SolutionProperties) = preSolution
		HideSolutionNode = FALSE
	EndGlobalSection
	GlobalSection(ExtensibilityGlobals) = postSolution
		SolutionGuid = {1C015E58-3013-4B3B-8A03-6CCBD7168958}
	EndGlobalSection
EndGlobal
